
Microsoft Visual Studio Solution File, Format Version 12.00
# Visual Studio Version 17
VisualStudioVersion = 17.14.36518.9 d17.14
MinimumVisualStudioVersion = 10.0.40219.1
Project("{FAE04EC0-301F-11D3-BF4B-00C04F79EFBC}") = "MKSIS", "MKSIS.csproj", "{322D57C1-543B-4435-8F50-CCB962CFA70D}"
EndProject
Global
	GlobalSection(SolutionConfigurationPlatforms) = preSolution
		Debug|Any CPU = Debug|Any CPU
		Release|Any CPU = Release|Any CPU
	EndGlobalSection
	GlobalSection(ProjectConfigurationPlatforms) = postSolution
		{322D57C1-543B-4435-8F50-CCB962CFA70D}.Debug|Any CPU.ActiveCfg = Debug|Any CPU
		{322D57C1-543B-4435-8F50-CCB962CFA70D}.Debug|Any CPU.Build.0 = Debug|Any CPU
		{322D57C1-543B-4435-8F50-CCB962CFA70D}.Release|Any CPU.ActiveCfg = Release|Any CPU
		{322D57C1-543B-4435-8F50-CCB962CFA70D}.Release|Any CPU.Build.0 = Release|Any CPU
	EndGlobalSection
	GlobalSection(SolutionProperties) = preSolution
		HideSolutionNode = FALSE
	EndGlobalSection
	GlobalSection(ExtensibilityGlobals) = postSolution
		SolutionGuid = {48050AE5-77C0-4E27-B8EF-AC870F541D10}
	EndGlobalSection
EndGlobal
